// !$*UTF8*$!
{
	archiveVersion = 1;
	classes = {
	};
	objectVersion = 50;
	objects = {

/* Begin PBXBuildFile section */
		7129E6F9235D49AB00589856 /* AppDelegate.swift in Sources */ = {isa = PBXBuildFile; fileRef = 7129E6F8235D49AB00589856 /* AppDelegate.swift */; };
		7129E6FB235D49AB00589856 /* ViewController.swift in Sources */ = {isa = PBXBuildFile; fileRef = 7129E6FA235D49AB00589856 /* ViewController.swift */; };
		7129E6FE235D49AB00589856 /* Main.storyboard in Resources */ = {isa = PBXBuildFile; fileRef = 7129E6FC235D49AB00589856 /* Main.storyboard */; };
		7129E700235D49AE00589856 /* Assets.xcassets in Resources */ = {isa = PBXBuildFile; fileRef = 7129E6FF235D49AE00589856 /* Assets.xcassets */; };
		7129E703235D49AE00589856 /* LaunchScreen.storyboard in Resources */ = {isa = PBXBuildFile; fileRef = 7129E701235D49AE00589856 /* LaunchScreen.storyboard */; };
		7129E70E235D49AE00589856 /* helloworldTests.swift in Sources */ = {isa = PBXBuildFile; fileRef = 7129E70D235D49AE00589856 /* helloworldTests.swift */; };
		7129E719235D49AE00589856 /* helloworldUITests.swift in Sources */ = {isa = PBXBuildFile; fileRef = 7129E718235D49AE00589856 /* helloworldUITests.swift */; };
/* End PBXBuildFile section */

/* Begin PBXContainerItemProxy section */
		7129E70A235D49AE00589856 /* PBXContainerItemProxy */ = {
			isa = PBXContainerItemProxy;
			containerPortal = 7129E6ED235D49AB00589856 /* Project object */;
			proxyType = 1;
			remoteGlobalIDString = 7129E6F4235D49AB00589856;
			remoteInfo = helloworld;
		};
		7129E715235D49AE00589856 /* PBXContainerItemProxy */ = {
			isa = PBXContainerItemProxy;
			containerPortal = 7129E6ED235D49AB00589856 /* Project object */;
			proxyType = 1;
			remoteGlobalIDString = 7129E6F4235D49AB00589856;
			remoteInfo = helloworld;
		};
/* End PBXContainerItemProxy section */

/* Begin PBXFileReference section */
		7129E6F5235D49AB00589856 /* helloworld.app */ = {isa = PBXFileReference; explicitFileType = wrapper.application; includeInIndex = 0; path = helloworld.app; sourceTree = BUILT_PRODUCTS_DIR; };
		7129E6F8235D49AB00589856 /* AppDelegate.swift */ = {isa = PBXFileReference; lastKnownFileType = sourcecode.swift; path = AppDelegate.swift; sourceTree = "<group>"; };
		7129E6FA235D49AB00589856 /* ViewController.swift */ = {isa = PBXFileReference; lastKnownFileType = sourcecode.swift; path = ViewController.swift; sourceTree = "<group>"; };
		7129E6FD235D49AB00589856 /* Base */ = {isa = PBXFileReference; lastKnownFileType = file.storyboard; name = Base; path = Base.lproj/Main.storyboard; sourceTree = "<group>"; };
		7129E6FF235D49AE00589856 /* Assets.xcassets */ = {isa = PBXFileReference; lastKnownFileType = folder.assetcatalog; path = Assets.xcassets; sourceTree = "<group>"; };
		7129E702235D49AE00589856 /* Base */ = {isa = PBXFileReference; lastKnownFileType = file.storyboard; name = Base; path = Base.lproj/LaunchScreen.storyboard; sourceTree = "<group>"; };
		7129E704235D49AE00589856 /* Info.plist */ = {isa = PBXFileReference; lastKnownFileType = text.plist.xml; path = Info.plist; sourceTree = "<group>"; };
		7129E709235D49AE00589856 /* helloworldTests.xctest */ = {isa = PBXFileReference; explicitFileType = wrapper.cfbundle; includeInIndex = 0; path = helloworldTests.xctest; sourceTree = BUILT_PRODUCTS_DIR; };
		7129E70D235D49AE00589856 /* helloworldTests.swift */ = {isa = PBXFileReference; lastKnownFileType = sourcecode.swift; path = helloworldTests.swift; sourceTree = "<group>"; };
		7129E70F235D49AE00589856 /* Info.plist */ = {isa = PBXFileReference; lastKnownFileType = text.plist.xml; path = Info.plist; sourceTree = "<group>"; };
		7129E714235D49AE00589856 /* helloworldUITests.xctest */ = {isa = PBXFileReference; explicitFileType = wrapper.cfbundle; includeInIndex = 0; path = helloworldUITests.xctest; sourceTree = BUILT_PRODUCTS_DIR; };
		7129E718235D49AE00589856 /* helloworldUITests.swift */ = {isa = PBXFileReference; lastKnownFileType = sourcecode.swift; path = helloworldUITests.swift; sourceTree = "<group>"; };
		7129E71A235D49AE00589856 /* Info.plist */ = {isa = PBXFileReference; lastKnownFileType = text.plist.xml; path = Info.plist; sourceTree = "<group>"; };
/* End PBXFileReference section */

/* Begin PBXFrameworksBuildPhase section */
		7129E6F2235D49AB00589856 /* Frameworks */ = {
			isa = PBXFrameworksBuildPhase;
			buildActionMask = 2147483647;
			files = (
			);
			runOnlyForDeploymentPostprocessing = 0;
		};
		7129E706235D49AE00589856 /* Frameworks */ = {
			isa = PBXFrameworksBuildPhase;
			buildActionMask = 2147483647;
			files = (
			);
			runOnlyForDeploymentPostprocessing = 0;
		};
		7129E711235D49AE00589856 /* Frameworks */ = {
			isa = PBXFrameworksBuildPhase;
			buildActionMask = 2147483647;
			files = (
			);
			runOnlyForDeploymentPostprocessing = 0;
		};
/* End PBXFrameworksBuildPhase section */

/* Begin PBXGroup section */
		7129E6EC235D49AB00589856 = {
			isa = PBXGroup;
			children = (
				7129E6F7235D49AB00589856 /* helloworld */,
				7129E70C235D49AE00589856 /* helloworldTests */,
				7129E717235D49AE00589856 /* helloworldUITests */,
				7129E6F6235D49AB00589856 /* Products */,
			);
			sourceTree = "<group>";
		};
		7129E6F6235D49AB00589856 /* Products */ = {
			isa = PBXGroup;
			children = (
				7129E6F5235D49AB00589856 /* helloworld.app */,
				7129E709235D49AE00589856 /* helloworldTests.xctest */,
				7129E714235D49AE00589856 /* helloworldUITests.xctest */,
			);
			name = Products;
			sourceTree = "<group>";
		};
		7129E6F7235D49AB00589856 /* helloworld */ = {
			isa = PBXGroup;
			children = (
				7129E6F8235D49AB00589856 /* AppDelegate.swift */,
				7129E6FA235D49AB00589856 /* ViewController.swift */,
				7129E6FC235D49AB00589856 /* Main.storyboard */,
				7129E6FF235D49AE00589856 /* Assets.xcassets */,
				7129E701235D49AE00589856 /* LaunchScreen.storyboard */,
				7129E704235D49AE00589856 /* Info.plist */,
			);
			path = helloworld;
			sourceTree = "<group>";
		};
		7129E70C235D49AE00589856 /* helloworldTests */ = {
			isa = PBXGroup;
			children = (
				7129E70D235D49AE00589856 /* helloworldTests.swift */,
				7129E70F235D49AE00589856 /* Info.plist */,
			);
			path = helloworldTests;
			sourceTree = "<group>";
		};
		7129E717235D49AE00589856 /* helloworldUITests */ = {
			isa = PBXGroup;
			children = (
				7129E718235D49AE00589856 /* helloworldUITests.swift */,
				7129E71A235D49AE00589856 /* Info.plist */,
			);
			path = helloworldUITests;
			sourceTree = "<group>";
		};
/* End PBXGroup section */

/* Begin PBXNativeTarget section */
		7129E6F4235D49AB00589856 /* helloworld */ = {
			isa = PBXNativeTarget;
			buildConfigurationList = 7129E71D235D49AE00589856 /* Build configuration list for PBXNativeTarget "helloworld" */;
			buildPhases = (
				7129E6F1235D49AB00589856 /* Sources */,
				7129E6F2235D49AB00589856 /* Frameworks */,
				7129E6F3235D49AB00589856 /* Resources */,
			);
			buildRules = (
			);
			dependencies = (
			);
			name = helloworld;
			productName = helloworld;
			productReference = 7129E6F5235D49AB00589856 /* helloworld.app */;
			productType = "com.apple.product-type.application";
		};
		7129E708235D49AE00589856 /* helloworldTests */ = {
			isa = PBXNativeTarget;
			buildConfigurationList = 7129E720235D49AE00589856 /* Build configuration list for PBXNativeTarget "helloworldTests" */;
			buildPhases = (
				7129E705235D49AE00589856 /* Sources */,
				7129E706235D49AE00589856 /* Frameworks */,
				7129E707235D49AE00589856 /* Resources */,
			);
			buildRules = (
			);
			dependencies = (
				7129E70B235D49AE00589856 /* PBXTargetDependency */,
			);
			name = helloworldTests;
			productName = helloworldTests;
			productReference = 7129E709235D49AE00589856 /* helloworldTests.xctest */;
			productType = "com.apple.product-type.bundle.unit-test";
		};
		7129E713235D49AE00589856 /* helloworldUITests */ = {
			isa = PBXNativeTarget;
			buildConfigurationList = 7129E723235D49AE00589856 /* Build configuration list for PBXNativeTarget "helloworldUITests" */;
			buildPhases = (
				7129E710235D49AE00589856 /* Sources */,
				7129E711235D49AE00589856 /* Frameworks */,
				7129E712235D49AE00589856 /* Resources */,
			);
			buildRules = (
			);
			dependencies = (
				7129E716235D49AE00589856 /* PBXTargetDependency */,
			);
			name = helloworldUITests;
			productName = helloworldUITests;
			productReference = 7129E714235D49AE00589856 /* helloworldUITests.xctest */;
			productType = "com.apple.product-type.bundle.ui-testing";
		};
/* End PBXNativeTarget section */

/* Begin PBXProject section */
		7129E6ED235D49AB00589856 /* Project object */ = {
			isa = PBXProject;
			attributes = {
				LastSwiftUpdateCheck = 1010;
				LastUpgradeCheck = 1010;
				ORGANIZATIONNAME = sample;
				TargetAttributes = {
					7129E6F4235D49AB00589856 = {
						CreatedOnToolsVersion = 10.1;
					};
					7129E708235D49AE00589856 = {
						CreatedOnToolsVersion = 10.1;
						TestTargetID = 7129E6F4235D49AB00589856;
					};
					7129E713235D49AE00589856 = {
						CreatedOnToolsVersion = 10.1;
						TestTargetID = 7129E6F4235D49AB00589856;
					};
				};
			};
			buildConfigurationList = 7129E6F0235D49AB00589856 /* Build configuration list for PBXProject "helloworld" */;
			compatibilityVersion = "Xcode 9.3";
			developmentRegion = en;
			hasScannedForEncodings = 0;
			knownRegions = (
				en,
				Base,
			);
			mainGroup = 7129E6EC235D49AB00589856;
			productRefGroup = 7129E6F6235D49AB00589856 /* Products */;
			projectDirPath = "";
			projectRoot = "";
			targets = (
				7129E6F4235D49AB00589856 /* helloworld */,
				7129E708235D49AE00589856 /* helloworldTests */,
				7129E713235D49AE00589856 /* helloworldUITests */,
			);
		};
/* End PBXProject section */

/* Begin PBXResourcesBuildPhase section */
		7129E6F3235D49AB00589856 /* Resources */ = {
			isa = PBXResourcesBuildPhase;
			buildActionMask = 2147483647;
			files = (
				7129E703235D49AE00589856 /* LaunchScreen.storyboard in Resources */,
				7129E700235D49AE00589856 /* Assets.xcassets in Resources */,
				7129E6FE235D49AB00589856 /* Main.storyboard in Resources */,
			);
			runOnlyForDeploymentPostprocessing = 0;
		};
		7129E707235D49AE00589856 /* Resources */ = {
			isa = PBXResourcesBuildPhase;
			buildActionMask = 2147483647;
			files = (
			);
			runOnlyForDeploymentPostprocessing = 0;
		};
		7129E712235D49AE00589856 /* Resources */ = {
			isa = PBXResourcesBuildPhase;
			buildActionMask = 2147483647;
			files = (
			);
			runOnlyForDeploymentPostprocessing = 0;
		};
/* End PBXResourcesBuildPhase section */

/* Begin PBXSourcesBuildPhase section */
		7129E6F1235D49AB00589856 /* Sources */ = {
			isa = PBXSourcesBuildPhase;
			buildActionMask = 2147483647;
			files = (
				7129E6FB235D49AB00589856 /* ViewController.swift in Sources */,
				7129E6F9235D49AB00589856 /* AppDelegate.swift in Sources */,
			);
			runOnlyForDeploymentPostprocessing = 0;
		};
		7129E705235D49AE00589856 /* Sources */ = {
			isa = PBXSourcesBuildPhase;
			buildActionMask = 2147483647;
			files = (
				7129E70E235D49AE00589856 /* helloworldTests.swift in Sources */,
			);
			runOnlyForDeploymentPostprocessing = 0;
		};
		7129E710235D49AE00589856 /* Sources */ = {
			isa = PBXSourcesBuildPhase;
			buildActionMask = 2147483647;
			files = (
				7129E719235D49AE00589856 /* helloworldUITests.swift in Sources */,
			);
			runOnlyForDeploymentPostprocessing = 0;
		};
/* End PBXSourcesBuildPhase section */

/* Begin PBXTargetDependency section */
		7129E70B235D49AE00589856 /* PBXTargetDependency */ = {
			isa = PBXTargetDependency;
			target = 7129E6F4235D49AB00589856 /* helloworld */;
			targetProxy = 7129E70A235D49AE00589856 /* PBXContainerItemProxy */;
		};
		7129E716235D49AE00589856 /* PBXTargetDependency */ = {
			isa = PBXTargetDependency;
			target = 7129E6F4235D49AB00589856 /* helloworld */;
			targetProxy = 7129E715235D49AE00589856 /* PBXContainerItemProxy */;
		};
/* End PBXTargetDependency section */

/* Begin PBXVariantGroup section */
		7129E6FC235D49AB00589856 /* Main.storyboard */ = {
			isa = PBXVariantGroup;
			children = (
				7129E6FD235D49AB00589856 /* Base */,
			);
			name = Main.storyboard;
			sourceTree = "<group>";
		};
		7129E701235D49AE00589856 /* LaunchScreen.storyboard */ = {
			isa = PBXVariantGroup;
			children = (
				7129E702235D49AE00589856 /* Base */,
			);
			name = LaunchScreen.storyboard;
			sourceTree = "<group>";
		};
/* End PBXVariantGroup section */

/* Begin XCBuildConfiguration section */
		7129E71B235D49AE00589856 /* Debug */ = {
			isa = XCBuildConfiguration;
			buildSettings = {
				ALWAYS_SEARCH_USER_PATHS = NO;
				CLANG_ANALYZER_NONNULL = YES;
				CLANG_ANALYZER_NUMBER_OBJECT_CONVERSION = YES_AGGRESSIVE;
				CLANG_CXX_LANGUAGE_STANDARD = "gnu++14";
				CLANG_CXX_LIBRARY = "libc++";
				CLANG_ENABLE_MODULES = YES;
				CLANG_ENABLE_OBJC_ARC = YES;
				CLANG_ENABLE_OBJC_WEAK = YES;
				CLANG_WARN_BLOCK_CAPTURE_AUTORELEASING = YES;
				CLANG_WARN_BOOL_CONVERSION = YES;
				CLANG_WARN_COMMA = YES;
				CLANG_WARN_CONSTANT_CONVERSION = YES;
				CLANG_WARN_DEPRECATED_OBJC_IMPLEMENTATIONS = YES;
				CLANG_WARN_DIRECT_OBJC_ISA_USAGE = YES_ERROR;
				CLANG_WARN_DOCUMENTATION_COMMENTS = YES;
				CLANG_WARN_EMPTY_BODY = YES;
				CLANG_WARN_ENUM_CONVERSION = YES;
				CLANG_WARN_INFINITE_RECURSION = YES;
				CLANG_WARN_INT_CONVERSION = YES;
				CLANG_WARN_NON_LITERAL_NULL_CONVERSION = YES;
				CLANG_WARN_OBJC_IMPLICIT_RETAIN_SELF = YES;
				CLANG_WARN_OBJC_LITERAL_CONVERSION = YES;
				CLANG_WARN_OBJC_ROOT_CLASS = YES_ERROR;
				CLANG_WARN_RANGE_LOOP_ANALYSIS = YES;
				CLANG_WARN_STRICT_PROTOTYPES = YES;
				CLANG_WARN_SUSPICIOUS_MOVE = YES;
				CLANG_WARN_UNGUARDED_AVAILABILITY = YES_AGGRESSIVE;
				CLANG_WARN_UNREACHABLE_CODE = YES;
				CLANG_WARN__DUPLICATE_METHOD_MATCH = YES;
				CODE_SIGN_IDENTITY = "iPhone Developer";
				COPY_PHASE_STRIP = NO;
				DEBUG_INFORMATION_FORMAT = dwarf;
				ENABLE_STRICT_OBJC_MSGSEND = YES;
				ENABLE_TESTABILITY = YES;
				GCC_C_LANGUAGE_STANDARD = gnu11;
				GCC_DYNAMIC_NO_PIC = NO;
				GCC_NO_COMMON_BLOCKS = YES;
				GCC_OPTIMIZATION_LEVEL = 0;
				GCC_PREPROCESSOR_DEFINITIONS = (
					"DEBUG=1",
					"$(inherited)",
				);
				GCC_WARN_64_TO_32_BIT_CONVERSION = YES;
				GCC_WARN_ABOUT_RETURN_TYPE = YES_ERROR;
				GCC_WARN_UNDECLARED_SELECTOR = YES;
				GCC_WARN_UNINITIALIZED_AUTOS = YES_AGGRESSIVE;
				GCC_WARN_UNUSED_FUNCTION = YES;
				GCC_WARN_UNUSED_VARIABLE = YES;
				IPHONEOS_DEPLOYMENT_TARGET = 12.1;
				MTL_ENABLE_DEBUG_INFO = INCLUDE_SOURCE;
				MTL_FAST_MATH = YES;
				ONLY_ACTIVE_ARCH = YES;
				SDKROOT = iphoneos;
				SWIFT_ACTIVE_COMPILATION_CONDITIONS = DEBUG;
				SWIFT_OPTIMIZATION_LEVEL = "-Onone";
			};
			name = Debug;
		};
		7129E71C235D49AE00589856 /* Release */ = {
			isa = XCBuildConfiguration;
			buildSettings = {
				ALWAYS_SEARCH_USER_PATHS = NO;
				CLANG_ANALYZER_NONNULL = YES;
				CLANG_ANALYZER_NUMBER_OBJECT_CONVERSION = YES_AGGRESSIVE;
				CLANG_CXX_LANGUAGE_STANDARD = "gnu++14";
				CLANG_CXX_LIBRARY = "libc++";
				CLANG_ENABLE_MODULES = YES;
				CLANG_ENABLE_OBJC_ARC = YES;
				CLANG_ENABLE_OBJC_WEAK = YES;
				CLANG_WARN_BLOCK_CAPTURE_AUTORELEASING = YES;
				CLANG_WARN_BOOL_CONVERSION = YES;
				CLANG_WARN_COMMA = YES;
				CLANG_WARN_CONSTANT_CONVERSION = YES;
				CLANG_WARN_DEPRECATED_OBJC_IMPLEMENTATIONS = YES;
				CLANG_WARN_DIRECT_OBJC_ISA_USAGE = YES_ERROR;
				CLANG_WARN_DOCUMENTATION_COMMENTS = YES;
				CLANG_WARN_EMPTY_BODY = YES;
				CLANG_WARN_ENUM_CONVERSION = YES;
				CLANG_WARN_INFINITE_RECURSION = YES;
				CLANG_WARN_INT_CONVERSION = YES;
				CLANG_WARN_NON_LITERAL_NULL_CONVERSION = YES;
				CLANG_WARN_OBJC_IMPLICIT_RETAIN_SELF = YES;
				CLANG_WARN_OBJC_LITERAL_CONVERSION = YES;
				CLANG_WARN_OBJC_ROOT_CLASS = YES_ERROR;
				CLANG_WARN_RANGE_LOOP_ANALYSIS = YES;
				CLANG_WARN_STRICT_PROTOTYPES = YES;
				CLANG_WARN_SUSPICIOUS_MOVE = YES;
				CLANG_WARN_UNGUARDED_AVAILABILITY = YES_AGGRESSIVE;
				CLANG_WARN_UNREACHABLE_CODE = YES;
				CLANG_WARN__DUPLICATE_METHOD_MATCH = YES;
				CODE_SIGN_IDENTITY = "iPhone Developer";
				COPY_PHASE_STRIP = NO;
				DEBUG_INFORMATION_FORMAT = "dwarf-with-dsym";
				ENABLE_NS_ASSERTIONS = NO;
				ENABLE_STRICT_OBJC_MSGSEND = YES;
				GCC_C_LANGUAGE_STANDARD = gnu11;
				GCC_NO_COMMON_BLOCKS = YES;
				GCC_WARN_64_TO_32_BIT_CONVERSION = YES;
				GCC_WARN_ABOUT_RETURN_TYPE = YES_ERROR;
				GCC_WARN_UNDECLARED_SELECTOR = YES;
				GCC_WARN_UNINITIALIZED_AUTOS = YES_AGGRESSIVE;
				GCC_WARN_UNUSED_FUNCTION = YES;
				GCC_WARN_UNUSED_VARIABLE = YES;
				IPHONEOS_DEPLOYMENT_TARGET = 12.1;
				MTL_ENABLE_DEBUG_INFO = NO;
				MTL_FAST_MATH = YES;
				SDKROOT = iphoneos;
				SWIFT_COMPILATION_MODE = wholemodule;
				SWIFT_OPTIMIZATION_LEVEL = "-O";
				VALIDATE_PRODUCT = YES;
			};
			name = Release;
		};
		7129E71E235D49AE00589856 /* Debug */ = {
			isa = XCBuildConfiguration;
			buildSettings = {
				ASSETCATALOG_COMPILER_APPICON_NAME = AppIcon;
				CODE_SIGN_STYLE = Automatic;
				INFOPLIST_FILE = helloworld/Info.plist;
				LD_RUNPATH_SEARCH_PATHS = (
					"$(inherited)",
					"@executable_path/Frameworks",
				);
				PRODUCT_BUNDLE_IDENTIFIER = test.helloworld;
				PRODUCT_NAME = "$(TARGET_NAME)";
				SWIFT_VERSION = 4.2;
				TARGETED_DEVICE_FAMILY = "1,2";
			};
			name = Debug;
		};
		7129E71F235D49AE00589856 /* Release */ = {
			isa = XCBuildConfiguration;
			buildSettings = {
				ASSETCATALOG_COMPILER_APPICON_NAME = AppIcon;
				CODE_SIGN_STYLE = Automatic;
				INFOPLIST_FILE = helloworld/Info.plist;
				LD_RUNPATH_SEARCH_PATHS = (
					"$(inherited)",
					"@executable_path/Frameworks",
				);
				PRODUCT_BUNDLE_IDENTIFIER = test.helloworld;
				PRODUCT_NAME = "$(TARGET_NAME)";
				SWIFT_VERSION = 4.2;
				TARGETED_DEVICE_FAMILY = "1,2";
			};
			name = Release;
		};
		7129E721235D49AE00589856 /* Debug */ = {
			isa = XCBuildConfiguration;
			buildSettings = {
				ALWAYS_EMBED_SWIFT_STANDARD_LIBRARIES = YES;
				BUNDLE_LOADER = "$(TEST_HOST)";
				CODE_SIGN_STYLE = Automatic;
				INFOPLIST_FILE = helloworldTests/Info.plist;
				LD_RUNPATH_SEARCH_PATHS = (
					"$(inherited)",
					"@executable_path/Frameworks",
					"@loader_path/Frameworks",
				);
				PRODUCT_BUNDLE_IDENTIFIER = test.helloworldTests;
				PRODUCT_NAME = "$(TARGET_NAME)";
				SWIFT_VERSION = 4.2;
				TARGETED_DEVICE_FAMILY = "1,2";
				TEST_HOST = "$(BUILT_PRODUCTS_DIR)/helloworld.app/helloworld";
			};
			name = Debug;
		};
		7129E722235D49AE00589856 /* Release */ = {
			isa = XCBuildConfiguration;
			buildSettings = {
				ALWAYS_EMBED_SWIFT_STANDARD_LIBRARIES = YES;
				BUNDLE_LOADER = "$(TEST_HOST)";
				CODE_SIGN_STYLE = Automatic;
				INFOPLIST_FILE = helloworldTests/Info.plist;
				LD_RUNPATH_SEARCH_PATHS = (
					"$(inherited)",
					"@executable_path/Frameworks",
					"@loader_path/Frameworks",
				);
				PRODUCT_BUNDLE_IDENTIFIER = test.helloworldTests;
				PRODUCT_NAME = "$(TARGET_NAME)";
				SWIFT_VERSION = 4.2;
				TARGETED_DEVICE_FAMILY = "1,2";
				TEST_HOST = "$(BUILT_PRODUCTS_DIR)/helloworld.app/helloworld";
			};
			name = Release;
		};
		7129E724235D49AE00589856 /* Debug */ = {
			isa = XCBuildConfiguration;
			buildSettings = {
				ALWAYS_EMBED_SWIFT_STANDARD_LIBRARIES = YES;
				CODE_SIGN_STYLE = Automatic;
				INFOPLIST_FILE = helloworldUITests/Info.plist;
				LD_RUNPATH_SEARCH_PATHS = (
					"$(inherited)",
					"@executable_path/Frameworks",
					"@loader_path/Frameworks",
				);
				PRODUCT_BUNDLE_IDENTIFIER = test.helloworldUITests;
				PRODUCT_NAME = "$(TARGET_NAME)";
				SWIFT_VERSION = 4.2;
				TARGETED_DEVICE_FAMILY = "1,2";
				TEST_TARGET_NAME = helloworld;
			};
			name = Debug;
		};
		7129E725235D49AE00589856 /* Release */ = {
			isa = XCBuildConfiguration;
			buildSettings = {
				ALWAYS_EMBED_SWIFT_STANDARD_LIBRARIES = YES;
				CODE_SIGN_STYLE = Automatic;
				INFOPLIST_FILE = helloworldUITests/Info.plist;
				LD_RUNPATH_SEARCH_PATHS = (
					"$(inherited)",
					"@executable_path/Frameworks",
					"@loader_path/Frameworks",
				);
				PRODUCT_BUNDLE_IDENTIFIER = test.helloworldUITests;
				PRODUCT_NAME = "$(TARGET_NAME)";
				SWIFT_VERSION = 4.2;
				TARGETED_DEVICE_FAMILY = "1,2";
				TEST_TARGET_NAME = helloworld;
			};
			name = Release;
		};
/* End XCBuildConfiguration section */

/* Begin XCConfigurationList section */
		7129E6F0235D49AB00589856 /* Build configuration list for PBXProject "helloworld" */ = {
			isa = XCConfigurationList;
			buildConfigurations = (
				7129E71B235D49AE00589856 /* Debug */,
				7129E71C235D49AE00589856 /* Release */,
			);
			defaultConfigurationIsVisible = 0;
			defaultConfigurationName = Release;
		};
		7129E71D235D49AE00589856 /* Build configuration list for PBXNativeTarget "helloworld" */ = {
			isa = XCConfigurationList;
			buildConfigurations = (
				7129E71E235D49AE00589856 /* Debug */,
				7129E71F235D49AE00589856 /* Release */,
			);
			defaultConfigurationIsVisible = 0;
			defaultConfigurationName = Release;
		};
		7129E720235D49AE00589856 /* Build configuration list for PBXNativeTarget "helloworldTests" */ = {
			isa = XCConfigurationList;
			buildConfigurations = (
				7129E721235D49AE00589856 /* Debug */,
				7129E722235D49AE00589856 /* Release */,
			);
			defaultConfigurationIsVisible = 0;
			defaultConfigurationName = Release;
		};
		7129E723235D49AE00589856 /* Build configuration list for PBXNativeTarget "helloworldUITests" */ = {
			isa = XCConfigurationList;
			buildConfigurations = (
				7129E724235D49AE00589856 /* Debug */,
				7129E725235D49AE00589856 /* Release */,
			);
			defaultConfigurationIsVisible = 0;
			defaultConfigurationName = Release;
		};
/* End XCConfigurationList section */
	};
	rootObject = 7129E6ED235D49AB00589856 /* Project object */;
}
